// !$*UTF8*$!
{
	archiveVersion = 1;
	classes = {
	};
	objectVersion = 50;
	objects = {

/* Begin PBXBuildFile section */
		37EEB8E2225B6AC7006C575A /* AppDelegate.m in Sources */ = {isa = PBXBuildFile; fileRef = 37EEB8E1225B6AC7006C575A /* AppDelegate.m */; };
		37EEB8E8225B6AC7006C575A /* Main.storyboard in Resources */ = {isa = PBXBuildFile; fileRef = 37EEB8E6225B6AC7006C575A /* Main.storyboard */; };
		37EEB8EA225B6AC9006C575A /* Assets.xcassets in Resources */ = {isa = PBXBuildFile; fileRef = 37EEB8E9225B6AC9006C575A /* Assets.xcassets */; };
		37EEB8ED225B6AC9006C575A /* LaunchScreen.storyboard in Resources */ = {isa = PBXBuildFile; fileRef = 37EEB8EB225B6AC9006C575A /* LaunchScreen.storyboard */; };
		37EEB8F0225B6AC9006C575A /* main.m in Sources */ = {isa = PBXBuildFile; fileRef = 37EEB8EF225B6AC9006C575A /* main.m */; };
		37EEB8FA225B6AC9006C575A /* ToDoThingsTests.m in Sources */ = {isa = PBXBuildFile; fileRef = 37EEB8F9225B6AC9006C575A /* ToDoThingsTests.m */; };
		37EEB905225B6AC9006C575A /* ToDoThingsUITests.m in Sources */ = {isa = PBXBuildFile; fileRef = 37EEB904225B6AC9006C575A /* ToDoThingsUITests.m */; };
		37EEB914225B6B0E006C575A /* ToDoMaiinViewController.m in Sources */ = {isa = PBXBuildFile; fileRef = 37EEB913225B6B0E006C575A /* ToDoMaiinViewController.m */; };
		37EEB917225B705C006C575A /* TODoFirstController.m in Sources */ = {isa = PBXBuildFile; fileRef = 37EEB916225B705C006C575A /* TODoFirstController.m */; };
		37EEB91A225B706D006C575A /* ToDoSecondController.m in Sources */ = {isa = PBXBuildFile; fileRef = 37EEB919225B706D006C575A /* ToDoSecondController.m */; };
		37EEB91D225B7082006C575A /* ToDoThridController.m in Sources */ = {isa = PBXBuildFile; fileRef = 37EEB91C225B7082006C575A /* ToDoThridController.m */; };
		37EEB924225B7275006C575A /* UIView+ZDD.m in Sources */ = {isa = PBXBuildFile; fileRef = 37EEB923225B7275006C575A /* UIView+ZDD.m */; };
		37EEB928225B75BA006C575A /* ToFirstDoListCell.m in Sources */ = {isa = PBXBuildFile; fileRef = 37EEB927225B75BA006C575A /* ToFirstDoListCell.m */; };
		37EEB92B225B8BDE006C575A /* ToDoMainModel.m in Sources */ = {isa = PBXBuildFile; fileRef = 37EEB92A225B8BDE006C575A /* ToDoMainModel.m */; };
		37EEB92E225B8DA4006C575A /* ToDoTool.m in Sources */ = {isa = PBXBuildFile; fileRef = 37EEB92D225B8DA4006C575A /* ToDoTool.m */; };
		4A2A0192225C3572008345A5 /* GODDBHelper.m in Sources */ = {isa = PBXBuildFile; fileRef = 4A2A0191225C3572008345A5 /* GODDBHelper.m */; };
		752A96FFDFD72696B7F750B1 /* libPods-ToDoThings.a in Frameworks */ = {isa = PBXBuildFile; fileRef = 52457529586FB586661E35DF /* libPods-ToDoThings.a */; };
/* End PBXBuildFile section */

/* Begin PBXContainerItemProxy section */
		37EEB8F6225B6AC9006C575A /* PBXContainerItemProxy */ = {
			isa = PBXContainerItemProxy;
			containerPortal = 37EEB8D5225B6AC7006C575A /* Project object */;
			proxyType = 1;
			remoteGlobalIDString = 37EEB8DC225B6AC7006C575A;
			remoteInfo = ToDoThings;
		};
		37EEB901225B6AC9006C575A /* PBXContainerItemProxy */ = {
			isa = PBXContainerItemProxy;
			containerPortal = 37EEB8D5225B6AC7006C575A /* Project object */;
			proxyType = 1;
			remoteGlobalIDString = 37EEB8DC225B6AC7006C575A;
			remoteInfo = ToDoThings;
		};
/* End PBXContainerItemProxy section */

/* Begin PBXFileReference section */
		37EEB8DD225B6AC7006C575A /* ToDoThings.app */ = {isa = PBXFileReference; explicitFileType = wrapper.application; includeInIndex = 0; path = ToDoThings.app; sourceTree = BUILT_PRODUCTS_DIR; };
		37EEB8E0225B6AC7006C575A /* AppDelegate.h */ = {isa = PBXFileReference; lastKnownFileType = sourcecode.c.h; path = AppDelegate.h; sourceTree = "<group>"; };
		37EEB8E1225B6AC7006C575A /* AppDelegate.m */ = {isa = PBXFileReference; lastKnownFileType = sourcecode.c.objc; path = AppDelegate.m; sourceTree = "<group>"; };
		37EEB8E7225B6AC7006C575A /* Base */ = {isa = PBXFileReference; lastKnownFileType = file.storyboard; name = Base; path = Base.lproj/Main.storyboard; sourceTree = "<group>"; };
		37EEB8E9225B6AC9006C575A /* Assets.xcassets */ = {isa = PBXFileReference; lastKnownFileType = folder.assetcatalog; path = Assets.xcassets; sourceTree = "<group>"; };
		37EEB8EC225B6AC9006C575A /* Base */ = {isa = PBXFileReference; lastKnownFileType = file.storyboard; name = Base; path = Base.lproj/LaunchScreen.storyboard; sourceTree = "<group>"; };
		37EEB8EE225B6AC9006C575A /* Info.plist */ = {isa = PBXFileReference; lastKnownFileType = text.plist.xml; path = Info.plist; sourceTree = "<group>"; };
		37EEB8EF225B6AC9006C575A /* main.m */ = {isa = PBXFileReference; lastKnownFileType = sourcecode.c.objc; path = main.m; sourceTree = "<group>"; };
		37EEB8F5225B6AC9006C575A /* ToDoThingsTests.xctest */ = {isa = PBXFileReference; explicitFileType = wrapper.cfbundle; includeInIndex = 0; path = ToDoThingsTests.xctest; sourceTree = BUILT_PRODUCTS_DIR; };
		37EEB8F9225B6AC9006C575A /* ToDoThingsTests.m */ = {isa = PBXFileReference; lastKnownFileType = sourcecode.c.objc; path = ToDoThingsTests.m; sourceTree = "<group>"; };
		37EEB8FB225B6AC9006C575A /* Info.plist */ = {isa = PBXFileReference; lastKnownFileType = text.plist.xml; path = Info.plist; sourceTree = "<group>"; };
		37EEB900225B6AC9006C575A /* ToDoThingsUITests.xctest */ = {isa = PBXFileReference; explicitFileType = wrapper.cfbundle; includeInIndex = 0; path = ToDoThingsUITests.xctest; sourceTree = BUILT_PRODUCTS_DIR; };
		37EEB904225B6AC9006C575A /* ToDoThingsUITests.m */ = {isa = PBXFileReference; lastKnownFileType = sourcecode.c.objc; path = ToDoThingsUITests.m; sourceTree = "<group>"; };
		37EEB906225B6AC9006C575A /* Info.plist */ = {isa = PBXFileReference; lastKnownFileType = text.plist.xml; path = Info.plist; sourceTree = "<group>"; };
		37EEB912225B6B0E006C575A /* ToDoMaiinViewController.h */ = {isa = PBXFileReference; lastKnownFileType = sourcecode.c.h; path = ToDoMaiinViewController.h; sourceTree = "<group>"; };
		37EEB913225B6B0E006C575A /* ToDoMaiinViewController.m */ = {isa = PBXFileReference; lastKnownFileType = sourcecode.c.objc; path = ToDoMaiinViewController.m; sourceTree = "<group>"; };
		37EEB915225B705C006C575A /* TODoFirstController.h */ = {isa = PBXFileReference; lastKnownFileType = sourcecode.c.h; path = TODoFirstController.h; sourceTree = "<group>"; };
		37EEB916225B705C006C575A /* TODoFirstController.m */ = {isa = PBXFileReference; lastKnownFileType = sourcecode.c.objc; path = TODoFirstController.m; sourceTree = "<group>"; };
		37EEB918225B706D006C575A /* ToDoSecondController.h */ = {isa = PBXFileReference; lastKnownFileType = sourcecode.c.h; path = ToDoSecondController.h; sourceTree = "<group>"; };
		37EEB919225B706D006C575A /* ToDoSecondController.m */ = {isa = PBXFileReference; lastKnownFileType = sourcecode.c.objc; path = ToDoSecondController.m; sourceTree = "<group>"; };
		37EEB91B225B7082006C575A /* ToDoThridController.h */ = {isa = PBXFileReference; lastKnownFileType = sourcecode.c.h; path = ToDoThridController.h; sourceTree = "<group>"; };
		37EEB91C225B7082006C575A /* ToDoThridController.m */ = {isa = PBXFileReference; lastKnownFileType = sourcecode.c.objc; path = ToDoThridController.m; sourceTree = "<group>"; };
		37EEB922225B7274006C575A /* UIView+ZDD.h */ = {isa = PBXFileReference; fileEncoding = 4; lastKnownFileType = sourcecode.c.h; path = "UIView+ZDD.h"; sourceTree = "<group>"; };
		37EEB923225B7275006C575A /* UIView+ZDD.m */ = {isa = PBXFileReference; fileEncoding = 4; lastKnownFileType = sourcecode.c.objc; path = "UIView+ZDD.m"; sourceTree = "<group>"; };
		37EEB925225B7385006C575A /* GODDefine.h */ = {isa = PBXFileReference; fileEncoding = 4; lastKnownFileType = sourcecode.c.h; path = GODDefine.h; sourceTree = "<group>"; };
		37EEB926225B75BA006C575A /* ToFirstDoListCell.h */ = {isa = PBXFileReference; lastKnownFileType = sourcecode.c.h; path = ToFirstDoListCell.h; sourceTree = "<group>"; };
		37EEB927225B75BA006C575A /* ToFirstDoListCell.m */ = {isa = PBXFileReference; lastKnownFileType = sourcecode.c.objc; path = ToFirstDoListCell.m; sourceTree = "<group>"; };
		37EEB929225B8BDE006C575A /* ToDoMainModel.h */ = {isa = PBXFileReference; lastKnownFileType = sourcecode.c.h; path = ToDoMainModel.h; sourceTree = "<group>"; };
		37EEB92A225B8BDE006C575A /* ToDoMainModel.m */ = {isa = PBXFileReference; lastKnownFileType = sourcecode.c.objc; path = ToDoMainModel.m; sourceTree = "<group>"; };
		37EEB92C225B8DA4006C575A /* ToDoTool.h */ = {isa = PBXFileReference; lastKnownFileType = sourcecode.c.h; path = ToDoTool.h; sourceTree = "<group>"; };
		37EEB92D225B8DA4006C575A /* ToDoTool.m */ = {isa = PBXFileReference; lastKnownFileType = sourcecode.c.objc; path = ToDoTool.m; sourceTree = "<group>"; };
		4A2A0190225C3572008345A5 /* GODDBHelper.h */ = {isa = PBXFileReference; fileEncoding = 4; lastKnownFileType = sourcecode.c.h; path = GODDBHelper.h; sourceTree = "<group>"; };
		4A2A0191225C3572008345A5 /* GODDBHelper.m */ = {isa = PBXFileReference; fileEncoding = 4; lastKnownFileType = sourcecode.c.objc; path = GODDBHelper.m; sourceTree = "<group>"; };
		52457529586FB586661E35DF /* libPods-ToDoThings.a */ = {isa = PBXFileReference; explicitFileType = archive.ar; includeInIndex = 0; path = "libPods-ToDoThings.a"; sourceTree = BUILT_PRODUCTS_DIR; };
		553348F04396B9D762486594 /* Pods-ToDoThings.debug.xcconfig */ = {isa = PBXFileReference; includeInIndex = 1; lastKnownFileType = text.xcconfig; name = "Pods-ToDoThings.debug.xcconfig"; path = "Target Support Files/Pods-ToDoThings/Pods-ToDoThings.debug.xcconfig"; sourceTree = "<group>"; };
		9AD3CD320B878B7CCD67AE6C /* Pods-ToDoThings.release.xcconfig */ = {isa = PBXFileReference; includeInIndex = 1; lastKnownFileType = text.xcconfig; name = "Pods-ToDoThings.release.xcconfig"; path = "Target Support Files/Pods-ToDoThings/Pods-ToDoThings.release.xcconfig"; sourceTree = "<group>"; };
/* End PBXFileReference section */

/* Begin PBXFrameworksBuildPhase section */
		37EEB8DA225B6AC7006C575A /* Frameworks */ = {
			isa = PBXFrameworksBuildPhase;
			buildActionMask = 2147483647;
			files = (
				752A96FFDFD72696B7F750B1 /* libPods-ToDoThings.a in Frameworks */,
			);
			runOnlyForDeploymentPostprocessing = 0;
		};
		37EEB8F2225B6AC9006C575A /* Frameworks */ = {
			isa = PBXFrameworksBuildPhase;
			buildActionMask = 2147483647;
			files = (
			);
			runOnlyForDeploymentPostprocessing = 0;
		};
		37EEB8FD225B6AC9006C575A /* Frameworks */ = {
			isa = PBXFrameworksBuildPhase;
			buildActionMask = 2147483647;
			files = (
			);
			runOnlyForDeploymentPostprocessing = 0;
		};
/* End PBXFrameworksBuildPhase section */

/* Begin PBXGroup section */
		37EEB8D4225B6AC7006C575A = {
			isa = PBXGroup;
			children = (
				37EEB8DF225B6AC7006C575A /* ToDoThings */,
				37EEB8F8225B6AC9006C575A /* ToDoThingsTests */,
				37EEB903225B6AC9006C575A /* ToDoThingsUITests */,
				37EEB8DE225B6AC7006C575A /* Products */,
				68BF25C3FF818253F7D1BD25 /* Pods */,
				5B0C5FA29D28ECAA2A282092 /* Frameworks */,
			);
			sourceTree = "<group>";
		};
		37EEB8DE225B6AC7006C575A /* Products */ = {
			isa = PBXGroup;
			children = (
				37EEB8DD225B6AC7006C575A /* ToDoThings.app */,
				37EEB8F5225B6AC9006C575A /* ToDoThingsTests.xctest */,
				37EEB900225B6AC9006C575A /* ToDoThingsUITests.xctest */,
			);
			name = Products;
			sourceTree = "<group>";
		};
		37EEB8DF225B6AC7006C575A /* ToDoThings */ = {
			isa = PBXGroup;
			children = (
				37EEB8E0225B6AC7006C575A /* AppDelegate.h */,
				37EEB8E1225B6AC7006C575A /* AppDelegate.m */,
				37EEB920225B71F8006C575A /* Controller */,
				37EEB91E225B71F7006C575A /* Model */,
				37EEB91F225B71F8006C575A /* Other */,
				37EEB921225B71F8006C575A /* View */,
				4A2A018F225C3545008345A5 /* DBHelper */,
				37EEB8E6225B6AC7006C575A /* Main.storyboard */,
				37EEB8E9225B6AC9006C575A /* Assets.xcassets */,
				37EEB8EB225B6AC9006C575A /* LaunchScreen.storyboard */,
				37EEB8EE225B6AC9006C575A /* Info.plist */,
				37EEB8EF225B6AC9006C575A /* main.m */,
			);
			path = ToDoThings;
			sourceTree = "<group>";
		};
		37EEB8F8225B6AC9006C575A /* ToDoThingsTests */ = {
			isa = PBXGroup;
			children = (
				37EEB8F9225B6AC9006C575A /* ToDoThingsTests.m */,
				37EEB8FB225B6AC9006C575A /* Info.plist */,
			);
			path = ToDoThingsTests;
			sourceTree = "<group>";
		};
		37EEB903225B6AC9006C575A /* ToDoThingsUITests */ = {
			isa = PBXGroup;
			children = (
				37EEB904225B6AC9006C575A /* ToDoThingsUITests.m */,
				37EEB906225B6AC9006C575A /* Info.plist */,
			);
			path = ToDoThingsUITests;
			sourceTree = "<group>";
		};
		37EEB91E225B71F7006C575A /* Model */ = {
			isa = PBXGroup;
			children = (
				37EEB929225B8BDE006C575A /* ToDoMainModel.h */,
				37EEB92A225B8BDE006C575A /* ToDoMainModel.m */,
			);
			path = Model;
			sourceTree = "<group>";
		};
		37EEB91F225B71F8006C575A /* Other */ = {
			isa = PBXGroup;
			children = (
				37EEB925225B7385006C575A /* GODDefine.h */,
				37EEB92C225B8DA4006C575A /* ToDoTool.h */,
				37EEB92D225B8DA4006C575A /* ToDoTool.m */,
			);
			path = Other;
			sourceTree = "<group>";
		};
		37EEB920225B71F8006C575A /* Controller */ = {
			isa = PBXGroup;
			children = (
				37EEB912225B6B0E006C575A /* ToDoMaiinViewController.h */,
				37EEB913225B6B0E006C575A /* ToDoMaiinViewController.m */,
				37EEB915225B705C006C575A /* TODoFirstController.h */,
				37EEB916225B705C006C575A /* TODoFirstController.m */,
				37EEB918225B706D006C575A /* ToDoSecondController.h */,
				37EEB919225B706D006C575A /* ToDoSecondController.m */,
				37EEB91B225B7082006C575A /* ToDoThridController.h */,
				37EEB91C225B7082006C575A /* ToDoThridController.m */,
			);
			path = Controller;
			sourceTree = "<group>";
		};
		37EEB921225B71F8006C575A /* View */ = {
			isa = PBXGroup;
			children = (
				37EEB922225B7274006C575A /* UIView+ZDD.h */,
				37EEB923225B7275006C575A /* UIView+ZDD.m */,
				37EEB926225B75BA006C575A /* ToFirstDoListCell.h */,
				37EEB927225B75BA006C575A /* ToFirstDoListCell.m */,
			);
			path = View;
			sourceTree = "<group>";
		};
		4A2A018F225C3545008345A5 /* DBHelper */ = {
			isa = PBXGroup;
			children = (
				4A2A0190225C3572008345A5 /* GODDBHelper.h */,
				4A2A0191225C3572008345A5 /* GODDBHelper.m */,
			);
			path = DBHelper;
			sourceTree = "<group>";
		};
		5B0C5FA29D28ECAA2A282092 /* Frameworks */ = {
			isa = PBXGroup;
			children = (
				52457529586FB586661E35DF /* libPods-ToDoThings.a */,
			);
			name = Frameworks;
			sourceTree = "<group>";
		};
		68BF25C3FF818253F7D1BD25 /* Pods */ = {
			isa = PBXGroup;
			children = (
				553348F04396B9D762486594 /* Pods-ToDoThings.debug.xcconfig */,
				9AD3CD320B878B7CCD67AE6C /* Pods-ToDoThings.release.xcconfig */,
			);
			path = Pods;
			sourceTree = "<group>";
		};
/* End PBXGroup section */

/* Begin PBXNativeTarget section */
		37EEB8DC225B6AC7006C575A /* ToDoThings */ = {
			isa = PBXNativeTarget;
			buildConfigurationList = 37EEB909225B6AC9006C575A /* Build configuration list for PBXNativeTarget "ToDoThings" */;
			buildPhases = (
				9054030258FCB308CF6E4CA0 /* [CP] Check Pods Manifest.lock */,
				37EEB8D9225B6AC7006C575A /* Sources */,
				37EEB8DA225B6AC7006C575A /* Frameworks */,
				37EEB8DB225B6AC7006C575A /* Resources */,
			);
			buildRules = (
			);
			dependencies = (
			);
			name = ToDoThings;
			productName = ToDoThings;
			productReference = 37EEB8DD225B6AC7006C575A /* ToDoThings.app */;
			productType = "com.apple.product-type.application";
		};
		37EEB8F4225B6AC9006C575A /* ToDoThingsTests */ = {
			isa = PBXNativeTarget;
			buildConfigurationList = 37EEB90C225B6AC9006C575A /* Build configuration list for PBXNativeTarget "ToDoThingsTests" */;
			buildPhases = (
				37EEB8F1225B6AC9006C575A /* Sources */,
				37EEB8F2225B6AC9006C575A /* Frameworks */,
				37EEB8F3225B6AC9006C575A /* Resources */,
			);
			buildRules = (
			);
			dependencies = (
				37EEB8F7225B6AC9006C575A /* PBXTargetDependency */,
			);
			name = ToDoThingsTests;
			productName = ToDoThingsTests;
			productReference = 37EEB8F5225B6AC9006C575A /* ToDoThingsTests.xctest */;
			productType = "com.apple.product-type.bundle.unit-test";
		};
		37EEB8FF225B6AC9006C575A /* ToDoThingsUITests */ = {
			isa = PBXNativeTarget;
			buildConfigurationList = 37EEB90F225B6AC9006C575A /* Build configuration list for PBXNativeTarget "ToDoThingsUITests" */;
			buildPhases = (
				37EEB8FC225B6AC9006C575A /* Sources */,
				37EEB8FD225B6AC9006C575A /* Frameworks */,
				37EEB8FE225B6AC9006C575A /* Resources */,
			);
			buildRules = (
			);
			dependencies = (
				37EEB902225B6AC9006C575A /* PBXTargetDependency */,
			);
			name = ToDoThingsUITests;
			productName = ToDoThingsUITests;
			productReference = 37EEB900225B6AC9006C575A /* ToDoThingsUITests.xctest */;
			productType = "com.apple.product-type.bundle.ui-testing";
		};
/* End PBXNativeTarget section */

/* Begin PBXProject section */
		37EEB8D5225B6AC7006C575A /* Project object */ = {
			isa = PBXProject;
			attributes = {
				LastUpgradeCheck = 1010;
				ORGANIZATIONNAME = MakerYang.com;
				TargetAttributes = {
					37EEB8DC225B6AC7006C575A = {
						CreatedOnToolsVersion = 10.1;
					};
					37EEB8F4225B6AC9006C575A = {
						CreatedOnToolsVersion = 10.1;
						TestTargetID = 37EEB8DC225B6AC7006C575A;
					};
					37EEB8FF225B6AC9006C575A = {
						CreatedOnToolsVersion = 10.1;
						TestTargetID = 37EEB8DC225B6AC7006C575A;
					};
				};
			};
			buildConfigurationList = 37EEB8D8225B6AC7006C575A /* Build configuration list for PBXProject "ToDoThings" */;
			compatibilityVersion = "Xcode 9.3";
			developmentRegion = en;
			hasScannedForEncodings = 0;
			knownRegions = (
				en,
				Base,
			);
			mainGroup = 37EEB8D4225B6AC7006C575A;
			productRefGroup = 37EEB8DE225B6AC7006C575A /* Products */;
			projectDirPath = "";
			projectRoot = "";
			targets = (
				37EEB8DC225B6AC7006C575A /* ToDoThings */,
				37EEB8F4225B6AC9006C575A /* ToDoThingsTests */,
				37EEB8FF225B6AC9006C575A /* ToDoThingsUITests */,
			);
		};
/* End PBXProject section */

/* Begin PBXResourcesBuildPhase section */
		37EEB8DB225B6AC7006C575A /* Resources */ = {
			isa = PBXResourcesBuildPhase;
			buildActionMask = 2147483647;
			files = (
				37EEB8ED225B6AC9006C575A /* LaunchScreen.storyboard in Resources */,
				37EEB8EA225B6AC9006C575A /* Assets.xcassets in Resources */,
				37EEB8E8225B6AC7006C575A /* Main.storyboard in Resources */,
			);
			runOnlyForDeploymentPostprocessing = 0;
		};
		37EEB8F3225B6AC9006C575A /* Resources */ = {
			isa = PBXResourcesBuildPhase;
			buildActionMask = 2147483647;
			files = (
			);
			runOnlyForDeploymentPostprocessing = 0;
		};
		37EEB8FE225B6AC9006C575A /* Resources */ = {
			isa = PBXResourcesBuildPhase;
			buildActionMask = 2147483647;
			files = (
			);
			runOnlyForDeploymentPostprocessing = 0;
		};
/* End PBXResourcesBuildPhase section */

/* Begin PBXShellScriptBuildPhase section */
		9054030258FCB308CF6E4CA0 /* [CP] Check Pods Manifest.lock */ = {
			isa = PBXShellScriptBuildPhase;
			buildActionMask = 2147483647;
			files = (
			);
			inputFileListPaths = (
			);
			inputPaths = (
				"${PODS_PODFILE_DIR_PATH}/Podfile.lock",
				"${PODS_ROOT}/Manifest.lock",
			);
			name = "[CP] Check Pods Manifest.lock";
			outputFileListPaths = (
			);
			outputPaths = (
				"$(DERIVED_FILE_DIR)/Pods-ToDoThings-checkManifestLockResult.txt",
			);
			runOnlyForDeploymentPostprocessing = 0;
			shellPath = /bin/sh;
			shellScript = "diff \"${PODS_PODFILE_DIR_PATH}/Podfile.lock\" \"${PODS_ROOT}/Manifest.lock\" > /dev/null\nif [ $? != 0 ] ; then\n    # print error to STDERR\n    echo \"error: The sandbox is not in sync with the Podfile.lock. Run 'pod install' or update your CocoaPods installation.\" >&2\n    exit 1\nfi\n# This output is used by Xcode 'outputs' to avoid re-running this script phase.\necho \"SUCCESS\" > \"${SCRIPT_OUTPUT_FILE_0}\"\n";
			showEnvVarsInLog = 0;
		};
/* End PBXShellScriptBuildPhase section */

/* Begin PBXSourcesBuildPhase section */
		37EEB8D9225B6AC7006C575A /* Sources */ = {
			isa = PBXSourcesBuildPhase;
			buildActionMask = 2147483647;
			files = (
				37EEB928225B75BA006C575A /* ToFirstDoListCell.m in Sources */,
				37EEB92E225B8DA4006C575A /* ToDoTool.m in Sources */,
				37EEB91A225B706D006C575A /* ToDoSecondController.m in Sources */,
				37EEB8F0225B6AC9006C575A /* main.m in Sources */,
				37EEB914225B6B0E006C575A /* ToDoMaiinViewController.m in Sources */,
				4A2A0192225C3572008345A5 /* GODDBHelper.m in Sources */,
				37EEB917225B705C006C575A /* TODoFirstController.m in Sources */,
				37EEB924225B7275006C575A /* UIView+ZDD.m in Sources */,
				37EEB92B225B8BDE006C575A /* ToDoMainModel.m in Sources */,
				37EEB8E2225B6AC7006C575A /* AppDelegate.m in Sources */,
				37EEB91D225B7082006C575A /* ToDoThridController.m in Sources */,
			);
			runOnlyForDeploymentPostprocessing = 0;
		};
		37EEB8F1225B6AC9006C575A /* Sources */ = {
			isa = PBXSourcesBuildPhase;
			buildActionMask = 2147483647;
			files = (
				37EEB8FA225B6AC9006C575A /* ToDoThingsTests.m in Sources */,
			);
			runOnlyForDeploymentPostprocessing = 0;
		};
		37EEB8FC225B6AC9006C575A /* Sources */ = {
			isa = PBXSourcesBuildPhase;
			buildActionMask = 2147483647;
			files = (
				37EEB905225B6AC9006C575A /* ToDoThingsUITests.m in Sources */,
			);
			runOnlyForDeploymentPostprocessing = 0;
		};
/* End PBXSourcesBuildPhase section */

/* Begin PBXTargetDependency section */
		37EEB8F7225B6AC9006C575A /* PBXTargetDependency */ = {
			isa = PBXTargetDependency;
			target = 37EEB8DC225B6AC7006C575A /* ToDoThings */;
			targetProxy = 37EEB8F6225B6AC9006C575A /* PBXContainerItemProxy */;
		};
		37EEB902225B6AC9006C575A /* PBXTargetDependency */ = {
			isa = PBXTargetDependency;
			target = 37EEB8DC225B6AC7006C575A /* ToDoThings */;
			targetProxy = 37EEB901225B6AC9006C575A /* PBXContainerItemProxy */;
		};
/* End PBXTargetDependency section */

/* Begin PBXVariantGroup section */
		37EEB8E6225B6AC7006C575A /* Main.storyboard */ = {
			isa = PBXVariantGroup;
			children = (
				37EEB8E7225B6AC7006C575A /* Base */,
			);
			name = Main.storyboard;
			sourceTree = "<group>";
		};
		37EEB8EB225B6AC9006C575A /* LaunchScreen.storyboard */ = {
			isa = PBXVariantGroup;
			children = (
				37EEB8EC225B6AC9006C575A /* Base */,
			);
			name = LaunchScreen.storyboard;
			sourceTree = "<group>";
		};
/* End PBXVariantGroup section */

/* Begin XCBuildConfiguration section */
		37EEB907225B6AC9006C575A /* Debug */ = {
			isa = XCBuildConfiguration;
			buildSettings = {
				ALWAYS_SEARCH_USER_PATHS = NO;
				CLANG_ANALYZER_NONNULL = YES;
				CLANG_ANALYZER_NUMBER_OBJECT_CONVERSION = YES_AGGRESSIVE;
				CLANG_CXX_LANGUAGE_STANDARD = "gnu++14";
				CLANG_CXX_LIBRARY = "libc++";
				CLANG_ENABLE_MODULES = YES;
				CLANG_ENABLE_OBJC_ARC = YES;
				CLANG_ENABLE_OBJC_WEAK = YES;
				CLANG_WARN_BLOCK_CAPTURE_AUTORELEASING = YES;
				CLANG_WARN_BOOL_CONVERSION = YES;
				CLANG_WARN_COMMA = YES;
				CLANG_WARN_CONSTANT_CONVERSION = YES;
				CLANG_WARN_DEPRECATED_OBJC_IMPLEMENTATIONS = YES;
				CLANG_WARN_DIRECT_OBJC_ISA_USAGE = YES_ERROR;
				CLANG_WARN_DOCUMENTATION_COMMENTS = YES;
				CLANG_WARN_EMPTY_BODY = YES;
				CLANG_WARN_ENUM_CONVERSION = YES;
				CLANG_WARN_INFINITE_RECURSION = YES;
				CLANG_WARN_INT_CONVERSION = YES;
				CLANG_WARN_NON_LITERAL_NULL_CONVERSION = YES;
				CLANG_WARN_OBJC_IMPLICIT_RETAIN_SELF = YES;
				CLANG_WARN_OBJC_LITERAL_CONVERSION = YES;
				CLANG_WARN_OBJC_ROOT_CLASS = YES_ERROR;
				CLANG_WARN_RANGE_LOOP_ANALYSIS = YES;
				CLANG_WARN_STRICT_PROTOTYPES = YES;
				CLANG_WARN_SUSPICIOUS_MOVE = YES;
				CLANG_WARN_UNGUARDED_AVAILABILITY = YES_AGGRESSIVE;
				CLANG_WARN_UNREACHABLE_CODE = YES;
				CLANG_WARN__DUPLICATE_METHOD_MATCH = YES;
				CODE_SIGN_IDENTITY = "iPhone Developer";
				COPY_PHASE_STRIP = NO;
				DEBUG_INFORMATION_FORMAT = dwarf;
				ENABLE_STRICT_OBJC_MSGSEND = YES;
				ENABLE_TESTABILITY = YES;
				GCC_C_LANGUAGE_STANDARD = gnu11;
				GCC_DYNAMIC_NO_PIC = NO;
				GCC_NO_COMMON_BLOCKS = YES;
				GCC_OPTIMIZATION_LEVEL = 0;
				GCC_PREPROCESSOR_DEFINITIONS = (
					"DEBUG=1",
					"$(inherited)",
				);
				GCC_WARN_64_TO_32_BIT_CONVERSION = YES;
				GCC_WARN_ABOUT_RETURN_TYPE = YES_ERROR;
				GCC_WARN_UNDECLARED_SELECTOR = YES;
				GCC_WARN_UNINITIALIZED_AUTOS = YES_AGGRESSIVE;
				GCC_WARN_UNUSED_FUNCTION = YES;
				GCC_WARN_UNUSED_VARIABLE = YES;
				IPHONEOS_DEPLOYMENT_TARGET = 12.1;
				MTL_ENABLE_DEBUG_INFO = INCLUDE_SOURCE;
				MTL_FAST_MATH = YES;
				ONLY_ACTIVE_ARCH = YES;
				SDKROOT = iphoneos;
			};
			name = Debug;
		};
		37EEB908225B6AC9006C575A /* Release */ = {
			isa = XCBuildConfiguration;
			buildSettings = {
				ALWAYS_SEARCH_USER_PATHS = NO;
				CLANG_ANALYZER_NONNULL = YES;
				CLANG_ANALYZER_NUMBER_OBJECT_CONVERSION = YES_AGGRESSIVE;
				CLANG_CXX_LANGUAGE_STANDARD = "gnu++14";
				CLANG_CXX_LIBRARY = "libc++";
				CLANG_ENABLE_MODULES = YES;
				CLANG_ENABLE_OBJC_ARC = YES;
				CLANG_ENABLE_OBJC_WEAK = YES;
				CLANG_WARN_BLOCK_CAPTURE_AUTORELEASING = YES;
				CLANG_WARN_BOOL_CONVERSION = YES;
				CLANG_WARN_COMMA = YES;
				CLANG_WARN_CONSTANT_CONVERSION = YES;
				CLANG_WARN_DEPRECATED_OBJC_IMPLEMENTATIONS = YES;
				CLANG_WARN_DIRECT_OBJC_ISA_USAGE = YES_ERROR;
				CLANG_WARN_DOCUMENTATION_COMMENTS = YES;
				CLANG_WARN_EMPTY_BODY = YES;
				CLANG_WARN_ENUM_CONVERSION = YES;
				CLANG_WARN_INFINITE_RECURSION = YES;
				CLANG_WARN_INT_CONVERSION = YES;
				CLANG_WARN_NON_LITERAL_NULL_CONVERSION = YES;
				CLANG_WARN_OBJC_IMPLICIT_RETAIN_SELF = YES;
				CLANG_WARN_OBJC_LITERAL_CONVERSION = YES;
				CLANG_WARN_OBJC_ROOT_CLASS = YES_ERROR;
				CLANG_WARN_RANGE_LOOP_ANALYSIS = YES;
				CLANG_WARN_STRICT_PROTOTYPES = YES;
				CLANG_WARN_SUSPICIOUS_MOVE = YES;
				CLANG_WARN_UNGUARDED_AVAILABILITY = YES_AGGRESSIVE;
				CLANG_WARN_UNREACHABLE_CODE = YES;
				CLANG_WARN__DUPLICATE_METHOD_MATCH = YES;
				CODE_SIGN_IDENTITY = "iPhone Developer";
				COPY_PHASE_STRIP = NO;
				DEBUG_INFORMATION_FORMAT = "dwarf-with-dsym";
				ENABLE_NS_ASSERTIONS = NO;
				ENABLE_STRICT_OBJC_MSGSEND = YES;
				GCC_C_LANGUAGE_STANDARD = gnu11;
				GCC_NO_COMMON_BLOCKS = YES;
				GCC_WARN_64_TO_32_BIT_CONVERSION = YES;
				GCC_WARN_ABOUT_RETURN_TYPE = YES_ERROR;
				GCC_WARN_UNDECLARED_SELECTOR = YES;
				GCC_WARN_UNINITIALIZED_AUTOS = YES_AGGRESSIVE;
				GCC_WARN_UNUSED_FUNCTION = YES;
				GCC_WARN_UNUSED_VARIABLE = YES;
				IPHONEOS_DEPLOYMENT_TARGET = 12.1;
				MTL_ENABLE_DEBUG_INFO = NO;
				MTL_FAST_MATH = YES;
				SDKROOT = iphoneos;
				VALIDATE_PRODUCT = YES;
			};
			name = Release;
		};
		37EEB90A225B6AC9006C575A /* Debug */ = {
			isa = XCBuildConfiguration;
			baseConfigurationReference = 553348F04396B9D762486594 /* Pods-ToDoThings.debug.xcconfig */;
			buildSettings = {
				ASSETCATALOG_COMPILER_APPICON_NAME = AppIcon;
				CODE_SIGN_STYLE = Automatic;
				DEVELOPMENT_TEAM = 96NZDADFWS;
				INFOPLIST_FILE = ToDoThings/Info.plist;
				LD_RUNPATH_SEARCH_PATHS = (
					"$(inherited)",
					"@executable_path/Frameworks",
				);
				PRODUCT_BUNDLE_IDENTIFIER = MakerYZC.ToDoThings;
				PRODUCT_NAME = "$(TARGET_NAME)";
				TARGETED_DEVICE_FAMILY = "1,2";
			};
			name = Debug;
		};
		37EEB90B225B6AC9006C575A /* Release */ = {
			isa = XCBuildConfiguration;
			baseConfigurationReference = 9AD3CD320B878B7CCD67AE6C /* Pods-ToDoThings.release.xcconfig */;
			buildSettings = {
				ASSETCATALOG_COMPILER_APPICON_NAME = AppIcon;
				CODE_SIGN_STYLE = Automatic;
				DEVELOPMENT_TEAM = 96NZDADFWS;
				INFOPLIST_FILE = ToDoThings/Info.plist;
				LD_RUNPATH_SEARCH_PATHS = (
					"$(inherited)",
					"@executable_path/Frameworks",
				);
				PRODUCT_BUNDLE_IDENTIFIER = MakerYZC.ToDoThings;
				PRODUCT_NAME = "$(TARGET_NAME)";
				TARGETED_DEVICE_FAMILY = "1,2";
			};
			name = Release;
		};
		37EEB90D225B6AC9006C575A /* Debug */ = {
			isa = XCBuildConfiguration;
			buildSettings = {
				BUNDLE_LOADER = "$(TEST_HOST)";
				CODE_SIGN_STYLE = Automatic;
				DEVELOPMENT_TEAM = 96NZDADFWS;
				INFOPLIST_FILE = ToDoThingsTests/Info.plist;
				LD_RUNPATH_SEARCH_PATHS = (
					"$(inherited)",
					"@executable_path/Frameworks",
					"@loader_path/Frameworks",
				);
				PRODUCT_BUNDLE_IDENTIFIER = MakerYZC.ToDoThingsTests;
				PRODUCT_NAME = "$(TARGET_NAME)";
				TARGETED_DEVICE_FAMILY = "1,2";
				TEST_HOST = "$(BUILT_PRODUCTS_DIR)/ToDoThings.app/ToDoThings";
			};
			name = Debug;
		};
		37EEB90E225B6AC9006C575A /* Release */ = {
			isa = XCBuildConfiguration;
			buildSettings = {
				BUNDLE_LOADER = "$(TEST_HOST)";
				CODE_SIGN_STYLE = Automatic;
				DEVELOPMENT_TEAM = 96NZDADFWS;
				INFOPLIST_FILE = ToDoThingsTests/Info.plist;
				LD_RUNPATH_SEARCH_PATHS = (
					"$(inherited)",
					"@executable_path/Frameworks",
					"@loader_path/Frameworks",
				);
				PRODUCT_BUNDLE_IDENTIFIER = MakerYZC.ToDoThingsTests;
				PRODUCT_NAME = "$(TARGET_NAME)";
				TARGETED_DEVICE_FAMILY = "1,2";
				TEST_HOST = "$(BUILT_PRODUCTS_DIR)/ToDoThings.app/ToDoThings";
			};
			name = Release;
		};
		37EEB910225B6AC9006C575A /* Debug */ = {
			isa = XCBuildConfiguration;
			buildSettings = {
				CODE_SIGN_STYLE = Automatic;
				DEVELOPMENT_TEAM = 96NZDADFWS;
				INFOPLIST_FILE = ToDoThingsUITests/Info.plist;
				LD_RUNPATH_SEARCH_PATHS = (
					"$(inherited)",
					"@executable_path/Frameworks",
					"@loader_path/Frameworks",
				);
				PRODUCT_BUNDLE_IDENTIFIER = MakerYZC.ToDoThingsUITests;
				PRODUCT_NAME = "$(TARGET_NAME)";
				TARGETED_DEVICE_FAMILY = "1,2";
				TEST_TARGET_NAME = ToDoThings;
			};
			name = Debug;
		};
		37EEB911225B6AC9006C575A /* Release */ = {
			isa = XCBuildConfiguration;
			buildSettings = {
				CODE_SIGN_STYLE = Automatic;
				DEVELOPMENT_TEAM = 96NZDADFWS;
				INFOPLIST_FILE = ToDoThingsUITests/Info.plist;
				LD_RUNPATH_SEARCH_PATHS = (
					"$(inherited)",
					"@executable_path/Frameworks",
					"@loader_path/Frameworks",
				);
				PRODUCT_BUNDLE_IDENTIFIER = MakerYZC.ToDoThingsUITests;
				PRODUCT_NAME = "$(TARGET_NAME)";
				TARGETED_DEVICE_FAMILY = "1,2";
				TEST_TARGET_NAME = ToDoThings;
			};
			name = Release;
		};
/* End XCBuildConfiguration section */

/* Begin XCConfigurationList section */
		37EEB8D8225B6AC7006C575A /* Build configuration list for PBXProject "ToDoThings" */ = {
			isa = XCConfigurationList;
			buildConfigurations = (
				37EEB907225B6AC9006C575A /* Debug */,
				37EEB908225B6AC9006C575A /* Release */,
			);
			defaultConfigurationIsVisible = 0;
			defaultConfigurationName = Release;
		};
		37EEB909225B6AC9006C575A /* Build configuration list for PBXNativeTarget "ToDoThings" */ = {
			isa = XCConfigurationList;
			buildConfigurations = (
				37EEB90A225B6AC9006C575A /* Debug */,
				37EEB90B225B6AC9006C575A /* Release */,
			);
			defaultConfigurationIsVisible = 0;
			defaultConfigurationName = Release;
		};
		37EEB90C225B6AC9006C575A /* Build configuration list for PBXNativeTarget "ToDoThingsTests" */ = {
			isa = XCConfigurationList;
			buildConfigurations = (
				37EEB90D225B6AC9006C575A /* Debug */,
				37EEB90E225B6AC9006C575A /* Release */,
			);
			defaultConfigurationIsVisible = 0;
			defaultConfigurationName = Release;
		};
		37EEB90F225B6AC9006C575A /* Build configuration list for PBXNativeTarget "ToDoThingsUITests" */ = {
			isa = XCConfigurationList;
			buildConfigurations = (
				37EEB910225B6AC9006C575A /* Debug */,
				37EEB911225B6AC9006C575A /* Release */,
			);
			defaultConfigurationIsVisible = 0;
			defaultConfigurationName = Release;
		};
/* End XCConfigurationList section */
	};
	rootObject = 37EEB8D5225B6AC7006C575A /* Project object */;
}
